
Microsoft Visual Studio Solution File, Format Version 12.00
Project("{FAE04EC0-301F-11D3-BF4B-00C04F79EFBC}") = "VideoStoreKata", "VideoStoreKata\VideoStoreKata.csproj", "{614B37AF-AFF3-4863-984E-793D0A757172}"
EndProject
Project("{FAE04EC0-301F-11D3-BF4B-00C04F79EFBC}") = "VideoStoreKata.Tests", "VideoStoreKata.Tests\VideoStoreKata.Tests.csproj", "{20728D06-D954-4CF3-9830-743C5E1E7F41}"
EndProject
Global
	GlobalSection(SolutionConfigurationPlatforms) = preSolution
		Debug|Any CPU = Debug|Any CPU
		Release|Any CPU = Release|Any CPU
	EndGlobalSection
	GlobalSection(ProjectConfigurationPlatforms) = postSolution
		{614B37AF-AFF3-4863-984E-793D0A757172}.Debug|Any CPU.ActiveCfg = Debug|Any CPU
		{614B37AF-AFF3-4863-984E-793D0A757172}.Debug|Any CPU.Build.0 = Debug|Any CPU
		{614B37AF-AFF3-4863-984E-793D0A757172}.Release|Any CPU.ActiveCfg = Release|Any CPU
		{614B37AF-AFF3-4863-984E-793D0A757172}.Release|Any CPU.Build.0 = Release|Any CPU
		{20728D06-D954-4CF3-9830-743C5E1E7F41}.Debug|Any CPU.ActiveCfg = Debug|Any CPU
		{20728D06-D954-4CF3-9830-743C5E1E7F41}.Debug|Any CPU.Build.0 = Debug|Any CPU
		{20728D06-D954-4CF3-9830-743C5E1E7F41}.Release|Any CPU.ActiveCfg = Release|Any CPU
		{20728D06-D954-4CF3-9830-743C5E1E7F41}.Release|Any CPU.Build.0 = Release|Any CPU
	EndGlobalSection
EndGlobal
